
Microsoft Visual Studio Solution File, Format Version 12.00
# Visual Studio 15
VisualStudioVersion = 15.0.28307.572
MinimumVisualStudioVersion = 10.0.40219.1
Project("{FAE04EC0-301F-11D3-BF4B-00C04F79EFBC}") = "MyTeam.Android", "MyTeam\MyTeam.Android\MyTeam.Android.csproj", "{7797C982-0055-4CDA-B774-AC73E404DCF6}"
EndProject
Project("{FAE04EC0-301F-11D3-BF4B-00C04F79EFBC}") = "MyTeam.iOS", "MyTeam\MyTeam.iOS\MyTeam.iOS.csproj", "{C357171A-4F7B-4D49-B4AC-84C48093C933}"
EndProject
Project("{FAE04EC0-301F-11D3-BF4B-00C04F79EFBC}") = "MyTeam.UWP", "MyTeam\MyTeam.UWP\MyTeam.UWP.csproj", "{83F15D5C-BA29-4E9E-A682-9ACCFE422DBC}"
EndProject
Project("{FAE04EC0-301F-11D3-BF4B-00C04F79EFBC}") = "MyTeam.MobileAppService", "MyTeam\MyTeam.MobileAppService\MyTeam.MobileAppService.csproj", "{4E291984-8152-4439-8E2E-466A67604C32}"
EndProject
Project("{FAE04EC0-301F-11D3-BF4B-00C04F79EFBC}") = "MyTeam", "MyTeam\MyTeam\MyTeam.csproj", "{3D299DE9-B2E7-4BAB-A407-079604DDA4B7}"
EndProject
Global
	GlobalSection(SolutionConfigurationPlatforms) = preSolution
		Debug|Any CPU = Debug|Any CPU
		Debug|ARM = Debug|ARM
		Debug|iPhone = Debug|iPhone
		Debug|iPhoneSimulator = Debug|iPhoneSimulator
		Debug|x64 = Debug|x64
		Debug|x86 = Debug|x86
		Release|Any CPU = Release|Any CPU
		Release|ARM = Release|ARM
		Release|iPhone = Release|iPhone
		Release|iPhoneSimulator = Release|iPhoneSimulator
		Release|x64 = Release|x64
		Release|x86 = Release|x86
	EndGlobalSection
	GlobalSection(ProjectConfigurationPlatforms) = postSolution
		{7797C982-0055-4CDA-B774-AC73E404DCF6}.Debug|Any CPU.ActiveCfg = Debug|Any CPU
		{7797C982-0055-4CDA-B774-AC73E404DCF6}.Debug|Any CPU.Build.0 = Debug|Any CPU
		{7797C982-0055-4CDA-B774-AC73E404DCF6}.Debug|Any CPU.Deploy.0 = Debug|Any CPU
		{7797C982-0055-4CDA-B774-AC73E404DCF6}.Debug|ARM.ActiveCfg = Debug|Any CPU
		{7797C982-0055-4CDA-B774-AC73E404DCF6}.Debug|ARM.Build.0 = Debug|Any CPU
		{7797C982-0055-4CDA-B774-AC73E404DCF6}.Debug|ARM.Deploy.0 = Debug|Any CPU
		{7797C982-0055-4CDA-B774-AC73E404DCF6}.Debug|iPhone.ActiveCfg = Debug|Any CPU
		{7797C982-0055-4CDA-B774-AC73E404DCF6}.Debug|iPhone.Build.0 = Debug|Any CPU
		{7797C982-0055-4CDA-B774-AC73E404DCF6}.Debug|iPhone.Deploy.0 = Debug|Any CPU
		{7797C982-0055-4CDA-B774-AC73E404DCF6}.Debug|iPhoneSimulator.ActiveCfg = Debug|Any CPU
		{7797C982-0055-4CDA-B774-AC73E404DCF6}.Debug|iPhoneSimulator.Build.0 = Debug|Any CPU
		{7797C982-0055-4CDA-B774-AC73E404DCF6}.Debug|iPhoneSimulator.Deploy.0 = Debug|Any CPU
		{7797C982-0055-4CDA-B774-AC73E404DCF6}.Debug|x64.ActiveCfg = Debug|Any CPU
		{7797C982-0055-4CDA-B774-AC73E404DCF6}.Debug|x64.Build.0 = Debug|Any CPU
		{7797C982-0055-4CDA-B774-AC73E404DCF6}.Debug|x64.Deploy.0 = Debug|Any CPU
		{7797C982-0055-4CDA-B774-AC73E404DCF6}.Debug|x86.ActiveCfg = Debug|Any CPU
		{7797C982-0055-4CDA-B774-AC73E404DCF6}.Debug|x86.Build.0 = Debug|Any CPU
		{7797C982-0055-4CDA-B774-AC73E404DCF6}.Debug|x86.Deploy.0 = Debug|Any CPU
		{7797C982-0055-4CDA-B774-AC73E404DCF6}.Release|Any CPU.ActiveCfg = Release|Any CPU
		{7797C982-0055-4CDA-B774-AC73E404DCF6}.Release|Any CPU.Build.0 = Release|Any CPU
		{7797C982-0055-4CDA-B774-AC73E404DCF6}.Release|Any CPU.Deploy.0 = Release|Any CPU
		{7797C982-0055-4CDA-B774-AC73E404DCF6}.Release|ARM.ActiveCfg = Release|Any CPU
		{7797C982-0055-4CDA-B774-AC73E404DCF6}.Release|ARM.Build.0 = Release|Any CPU
		{7797C982-0055-4CDA-B774-AC73E404DCF6}.Release|ARM.Deploy.0 = Release|Any CPU
		{7797C982-0055-4CDA-B774-AC73E404DCF6}.Release|iPhone.ActiveCfg = Release|Any CPU
		{7797C982-0055-4CDA-B774-AC73E404DCF6}.Release|iPhone.Build.0 = Release|Any CPU
		{7797C982-0055-4CDA-B774-AC73E404DCF6}.Release|iPhone.Deploy.0 = Release|Any CPU
		{7797C982-0055-4CDA-B774-AC73E404DCF6}.Release|iPhoneSimulator.ActiveCfg = Release|Any CPU
		{7797C982-0055-4CDA-B774-AC73E404DCF6}.Release|iPhoneSimulator.Build.0 = Release|Any CPU
		{7797C982-0055-4CDA-B774-AC73E404DCF6}.Release|iPhoneSimulator.Deploy.0 = Release|Any CPU
		{7797C982-0055-4CDA-B774-AC73E404DCF6}.Release|x64.ActiveCfg = Release|Any CPU
		{7797C982-0055-4CDA-B774-AC73E404DCF6}.Release|x64.Build.0 = Release|Any CPU
		{7797C982-0055-4CDA-B774-AC73E404DCF6}.Release|x64.Deploy.0 = Release|Any CPU
		{7797C982-0055-4CDA-B774-AC73E404DCF6}.Release|x86.ActiveCfg = Release|Any CPU
		{7797C982-0055-4CDA-B774-AC73E404DCF6}.Release|x86.Build.0 = Release|Any CPU
		{7797C982-0055-4CDA-B774-AC73E404DCF6}.Release|x86.Deploy.0 = Release|Any CPU
		{C357171A-4F7B-4D49-B4AC-84C48093C933}.Debug|Any CPU.ActiveCfg = Debug|iPhoneSimulator
		{C357171A-4F7B-4D49-B4AC-84C48093C933}.Debug|Any CPU.Build.0 = Debug|iPhoneSimulator
		{C357171A-4F7B-4D49-B4AC-84C48093C933}.Debug|Any CPU.Deploy.0 = Debug|iPhoneSimulator
		{C357171A-4F7B-4D49-B4AC-84C48093C933}.Debug|ARM.ActiveCfg = Debug|iPhone
		{C357171A-4F7B-4D49-B4AC-84C48093C933}.Debug|ARM.Build.0 = Debug|iPhone
		{C357171A-4F7B-4D49-B4AC-84C48093C933}.Debug|ARM.Deploy.0 = Debug|iPhone
		{C357171A-4F7B-4D49-B4AC-84C48093C933}.Debug|iPhone.ActiveCfg = Debug|iPhone
		{C357171A-4F7B-4D49-B4AC-84C48093C933}.Debug|iPhone.Build.0 = Debug|iPhone
		{C357171A-4F7B-4D49-B4AC-84C48093C933}.Debug|iPhone.Deploy.0 = Debug|iPhone
		{C357171A-4F7B-4D49-B4AC-84C48093C933}.Debug|iPhoneSimulator.ActiveCfg = Debug|iPhoneSimulator
		{C357171A-4F7B-4D49-B4AC-84C48093C933}.Debug|iPhoneSimulator.Build.0 = Debug|iPhoneSimulator
		{C357171A-4F7B-4D49-B4AC-84C48093C933}.Debug|iPhoneSimulator.Deploy.0 = Debug|iPhoneSimulator
		{C357171A-4F7B-4D49-B4AC-84C48093C933}.Debug|x64.ActiveCfg = Debug|iPhone
		{C357171A-4F7B-4D49-B4AC-84C48093C933}.Debug|x64.Build.0 = Debug|iPhone
		{C357171A-4F7B-4D49-B4AC-84C48093C933}.Debug|x64.Deploy.0 = Debug|iPhone
		{C357171A-4F7B-4D49-B4AC-84C48093C933}.Debug|x86.ActiveCfg = Debug|iPhone
		{C357171A-4F7B-4D49-B4AC-84C48093C933}.Debug|x86.Build.0 = Debug|iPhone
		{C357171A-4F7B-4D49-B4AC-84C48093C933}.Debug|x86.Deploy.0 = Debug|iPhone
		{C357171A-4F7B-4D49-B4AC-84C48093C933}.Release|Any CPU.ActiveCfg = Release|iPhone
		{C357171A-4F7B-4D49-B4AC-84C48093C933}.Release|Any CPU.Build.0 = Release|iPhone
		{C357171A-4F7B-4D49-B4AC-84C48093C933}.Release|Any CPU.Deploy.0 = Release|iPhone
		{C357171A-4F7B-4D49-B4AC-84C48093C933}.Release|ARM.ActiveCfg = Release|iPhone
		{C357171A-4F7B-4D49-B4AC-84C48093C933}.Release|ARM.Build.0 = Release|iPhone
		{C357171A-4F7B-4D49-B4AC-84C48093C933}.Release|ARM.Deploy.0 = Release|iPhone
		{C357171A-4F7B-4D49-B4AC-84C48093C933}.Release|iPhone.ActiveCfg = Release|iPhone
		{C357171A-4F7B-4D49-B4AC-84C48093C933}.Release|iPhone.Build.0 = Release|iPhone
		{C357171A-4F7B-4D49-B4AC-84C48093C933}.Release|iPhone.Deploy.0 = Release|iPhone
		{C357171A-4F7B-4D49-B4AC-84C48093C933}.Release|iPhoneSimulator.ActiveCfg = Release|iPhoneSimulator
		{C357171A-4F7B-4D49-B4AC-84C48093C933}.Release|iPhoneSimulator.Build.0 = Release|iPhoneSimulator
		{C357171A-4F7B-4D49-B4AC-84C48093C933}.Release|iPhoneSimulator.Deploy.0 = Release|iPhoneSimulator
		{C357171A-4F7B-4D49-B4AC-84C48093C933}.Release|x64.ActiveCfg = Release|iPhone
		{C357171A-4F7B-4D49-B4AC-84C48093C933}.Release|x64.Build.0 = Release|iPhone
		{C357171A-4F7B-4D49-B4AC-84C48093C933}.Release|x64.Deploy.0 = Release|iPhone
		{C357171A-4F7B-4D49-B4AC-84C48093C933}.Release|x86.ActiveCfg = Release|iPhone
		{C357171A-4F7B-4D49-B4AC-84C48093C933}.Release|x86.Build.0 = Release|iPhone
		{C357171A-4F7B-4D49-B4AC-84C48093C933}.Release|x86.Deploy.0 = Release|iPhone
		{83F15D5C-BA29-4E9E-A682-9ACCFE422DBC}.Debug|Any CPU.ActiveCfg = Debug|x86
		{83F15D5C-BA29-4E9E-A682-9ACCFE422DBC}.Debug|Any CPU.Build.0 = Debug|x86
		{83F15D5C-BA29-4E9E-A682-9ACCFE422DBC}.Debug|Any CPU.Deploy.0 = Debug|x86
		{83F15D5C-BA29-4E9E-A682-9ACCFE422DBC}.Debug|ARM.ActiveCfg = Debug|ARM
		{83F15D5C-BA29-4E9E-A682-9ACCFE422DBC}.Debug|ARM.Build.0 = Debug|ARM
		{83F15D5C-BA29-4E9E-A682-9ACCFE422DBC}.Debug|ARM.Deploy.0 = Debug|ARM
		{83F15D5C-BA29-4E9E-A682-9ACCFE422DBC}.Debug|iPhone.ActiveCfg = Debug|x86
		{83F15D5C-BA29-4E9E-A682-9ACCFE422DBC}.Debug|iPhone.Build.0 = Debug|x86
		{83F15D5C-BA29-4E9E-A682-9ACCFE422DBC}.Debug|iPhone.Deploy.0 = Debug|x86
		{83F15D5C-BA29-4E9E-A682-9ACCFE422DBC}.Debug|iPhoneSimulator.ActiveCfg = Debug|x86
		{83F15D5C-BA29-4E9E-A682-9ACCFE422DBC}.Debug|iPhoneSimulator.Build.0 = Debug|x86
		{83F15D5C-BA29-4E9E-A682-9ACCFE422DBC}.Debug|iPhoneSimulator.Deploy.0 = Debug|x86
		{83F15D5C-BA29-4E9E-A682-9ACCFE422DBC}.Debug|x64.ActiveCfg = Debug|x64
		{83F15D5C-BA29-4E9E-A682-9ACCFE422DBC}.Debug|x64.Build.0 = Debug|x64
		{83F15D5C-BA29-4E9E-A682-9ACCFE422DBC}.Debug|x64.Deploy.0 = Debug|x64
		{83F15D5C-BA29-4E9E-A682-9ACCFE422DBC}.Debug|x86.ActiveCfg = Debug|x86
		{83F15D5C-BA29-4E9E-A682-9ACCFE422DBC}.Debug|x86.Build.0 = Debug|x86
		{83F15D5C-BA29-4E9E-A682-9ACCFE422DBC}.Debug|x86.Deploy.0 = Debug|x86
		{83F15D5C-BA29-4E9E-A682-9ACCFE422DBC}.Release|Any CPU.ActiveCfg = Release|x86
		{83F15D5C-BA29-4E9E-A682-9ACCFE422DBC}.Release|Any CPU.Build.0 = Release|x86
		{83F15D5C-BA29-4E9E-A682-9ACCFE422DBC}.Release|Any CPU.Deploy.0 = Release|x86
		{83F15D5C-BA29-4E9E-A682-9ACCFE422DBC}.Release|ARM.ActiveCfg = Release|ARM
		{83F15D5C-BA29-4E9E-A682-9ACCFE422DBC}.Release|ARM.Build.0 = Release|ARM
		{83F15D5C-BA29-4E9E-A682-9ACCFE422DBC}.Release|ARM.Deploy.0 = Release|ARM
		{83F15D5C-BA29-4E9E-A682-9ACCFE422DBC}.Release|iPhone.ActiveCfg = Release|x86
		{83F15D5C-BA29-4E9E-A682-9ACCFE422DBC}.Release|iPhone.Build.0 = Release|x86
		{83F15D5C-BA29-4E9E-A682-9ACCFE422DBC}.Release|iPhone.Deploy.0 = Release|x86
		{83F15D5C-BA29-4E9E-A682-9ACCFE422DBC}.Release|iPhoneSimulator.ActiveCfg = Release|x86
		{83F15D5C-BA29-4E9E-A682-9ACCFE422DBC}.Release|iPhoneSimulator.Build.0 = Release|x86
		{83F15D5C-BA29-4E9E-A682-9ACCFE422DBC}.Release|iPhoneSimulator.Deploy.0 = Release|x86
		{83F15D5C-BA29-4E9E-A682-9ACCFE422DBC}.Release|x64.ActiveCfg = Release|x64
		{83F15D5C-BA29-4E9E-A682-9ACCFE422DBC}.Release|x64.Build.0 = Release|x64
		{83F15D5C-BA29-4E9E-A682-9ACCFE422DBC}.Release|x64.Deploy.0 = Release|x64
		{83F15D5C-BA29-4E9E-A682-9ACCFE422DBC}.Release|x86.ActiveCfg = Release|x86
		{83F15D5C-BA29-4E9E-A682-9ACCFE422DBC}.Release|x86.Build.0 = Release|x86
		{83F15D5C-BA29-4E9E-A682-9ACCFE422DBC}.Release|x86.Deploy.0 = Release|x86
		{4E291984-8152-4439-8E2E-466A67604C32}.Debug|Any CPU.ActiveCfg = Debug|Any CPU
		{4E291984-8152-4439-8E2E-466A67604C32}.Debug|Any CPU.Build.0 = Debug|Any CPU
		{4E291984-8152-4439-8E2E-466A67604C32}.Debug|Any CPU.Deploy.0 = Debug|Any CPU
		{4E291984-8152-4439-8E2E-466A67604C32}.Debug|ARM.ActiveCfg = Debug|Any CPU
		{4E291984-8152-4439-8E2E-466A67604C32}.Debug|ARM.Build.0 = Debug|Any CPU
		{4E291984-8152-4439-8E2E-466A67604C32}.Debug|ARM.Deploy.0 = Debug|Any CPU
		{4E291984-8152-4439-8E2E-466A67604C32}.Debug|iPhone.ActiveCfg = Debug|Any CPU
		{4E291984-8152-4439-8E2E-466A67604C32}.Debug|iPhone.Build.0 = Debug|Any CPU
		{4E291984-8152-4439-8E2E-466A67604C32}.Debug|iPhone.Deploy.0 = Debug|Any CPU
		{4E291984-8152-4439-8E2E-466A67604C32}.Debug|iPhoneSimulator.ActiveCfg = Debug|Any CPU
		{4E291984-8152-4439-8E2E-466A67604C32}.Debug|iPhoneSimulator.Build.0 = Debug|Any CPU
		{4E291984-8152-4439-8E2E-466A67604C32}.Debug|iPhoneSimulator.Deploy.0 = Debug|Any CPU
		{4E291984-8152-4439-8E2E-466A67604C32}.Debug|x64.ActiveCfg = Debug|Any CPU
		{4E291984-8152-4439-8E2E-466A67604C32}.Debug|x64.Build.0 = Debug|Any CPU
		{4E291984-8152-4439-8E2E-466A67604C32}.Debug|x64.Deploy.0 = Debug|Any CPU
		{4E291984-8152-4439-8E2E-466A67604C32}.Debug|x86.ActiveCfg = Debug|Any CPU
		{4E291984-8152-4439-8E2E-466A67604C32}.Debug|x86.Build.0 = Debug|Any CPU
		{4E291984-8152-4439-8E2E-466A67604C32}.Debug|x86.Deploy.0 = Debug|Any CPU
		{4E291984-8152-4439-8E2E-466A67604C32}.Release|Any CPU.ActiveCfg = Release|Any CPU
		{4E291984-8152-4439-8E2E-466A67604C32}.Release|Any CPU.Build.0 = Release|Any CPU
		{4E291984-8152-4439-8E2E-466A67604C32}.Release|Any CPU.Deploy.0 = Release|Any CPU
		{4E291984-8152-4439-8E2E-466A67604C32}.Release|ARM.ActiveCfg = Release|Any CPU
		{4E291984-8152-4439-8E2E-466A67604C32}.Release|ARM.Build.0 = Release|Any CPU
		{4E291984-8152-4439-8E2E-466A67604C32}.Release|ARM.Deploy.0 = Release|Any CPU
		{4E291984-8152-4439-8E2E-466A67604C32}.Release|iPhone.ActiveCfg = Release|Any CPU
		{4E291984-8152-4439-8E2E-466A67604C32}.Release|iPhone.Build.0 = Release|Any CPU
		{4E291984-8152-4439-8E2E-466A67604C32}.Release|iPhone.Deploy.0 = Release|Any CPU
		{4E291984-8152-4439-8E2E-466A67604C32}.Release|iPhoneSimulator.ActiveCfg = Release|Any CPU
		{4E291984-8152-4439-8E2E-466A67604C32}.Release|iPhoneSimulator.Build.0 = Release|Any CPU
		{4E291984-8152-4439-8E2E-466A67604C32}.Release|iPhoneSimulator.Deploy.0 = Release|Any CPU
		{4E291984-8152-4439-8E2E-466A67604C32}.Release|x64.ActiveCfg = Release|Any CPU
		{4E291984-8152-4439-8E2E-466A67604C32}.Release|x64.Build.0 = Release|Any CPU
		{4E291984-8152-4439-8E2E-466A67604C32}.Release|x64.Deploy.0 = Release|Any CPU
		{4E291984-8152-4439-8E2E-466A67604C32}.Release|x86.ActiveCfg = Release|Any CPU
		{4E291984-8152-4439-8E2E-466A67604C32}.Release|x86.Build.0 = Release|Any CPU
		{4E291984-8152-4439-8E2E-466A67604C32}.Release|x86.Deploy.0 = Release|Any CPU
		{3D299DE9-B2E7-4BAB-A407-079604DDA4B7}.Debug|Any CPU.ActiveCfg = Debug|Any CPU
		{3D299DE9-B2E7-4BAB-A407-079604DDA4B7}.Debug|Any CPU.Build.0 = Debug|Any CPU
		{3D299DE9-B2E7-4BAB-A407-079604DDA4B7}.Debug|Any CPU.Deploy.0 = Debug|Any CPU
		{3D299DE9-B2E7-4BAB-A407-079604DDA4B7}.Debug|ARM.ActiveCfg = Debug|Any CPU
		{3D299DE9-B2E7-4BAB-A407-079604DDA4B7}.Debug|ARM.Build.0 = Debug|Any CPU
		{3D299DE9-B2E7-4BAB-A407-079604DDA4B7}.Debug|ARM.Deploy.0 = Debug|Any CPU
		{3D299DE9-B2E7-4BAB-A407-079604DDA4B7}.Debug|iPhone.ActiveCfg = Debug|Any CPU
		{3D299DE9-B2E7-4BAB-A407-079604DDA4B7}.Debug|iPhone.Build.0 = Debug|Any CPU
		{3D299DE9-B2E7-4BAB-A407-079604DDA4B7}.Debug|iPhone.Deploy.0 = Debug|Any CPU
		{3D299DE9-B2E7-4BAB-A407-079604DDA4B7}.Debug|iPhoneSimulator.ActiveCfg = Debug|Any CPU
		{3D299DE9-B2E7-4BAB-A407-079604DDA4B7}.Debug|iPhoneSimulator.Build.0 = Debug|Any CPU
		{3D299DE9-B2E7-4BAB-A407-079604DDA4B7}.Debug|iPhoneSimulator.Deploy.0 = Debug|Any CPU
		{3D299DE9-B2E7-4BAB-A407-079604DDA4B7}.Debug|x64.ActiveCfg = Debug|Any CPU
		{3D299DE9-B2E7-4BAB-A407-079604DDA4B7}.Debug|x64.Build.0 = Debug|Any CPU
		{3D299DE9-B2E7-4BAB-A407-079604DDA4B7}.Debug|x64.Deploy.0 = Debug|Any CPU
		{3D299DE9-B2E7-4BAB-A407-079604DDA4B7}.Debug|x86.ActiveCfg = Debug|Any CPU
		{3D299DE9-B2E7-4BAB-A407-079604DDA4B7}.Debug|x86.Build.0 = Debug|Any CPU
		{3D299DE9-B2E7-4BAB-A407-079604DDA4B7}.Debug|x86.Deploy.0 = Debug|Any CPU
		{3D299DE9-B2E7-4BAB-A407-079604DDA4B7}.Release|Any CPU.ActiveCfg = Release|Any CPU
		{3D299DE9-B2E7-4BAB-A407-079604DDA4B7}.Release|Any CPU.Build.0 = Release|Any CPU
		{3D299DE9-B2E7-4BAB-A407-079604DDA4B7}.Release|Any CPU.Deploy.0 = Release|Any CPU
		{3D299DE9-B2E7-4BAB-A407-079604DDA4B7}.Release|ARM.ActiveCfg = Release|Any CPU
		{3D299DE9-B2E7-4BAB-A407-079604DDA4B7}.Release|ARM.Build.0 = Release|Any CPU
		{3D299DE9-B2E7-4BAB-A407-079604DDA4B7}.Release|ARM.Deploy.0 = Release|Any CPU
		{3D299DE9-B2E7-4BAB-A407-079604DDA4B7}.Release|iPhone.ActiveCfg = Release|Any CPU
		{3D299DE9-B2E7-4BAB-A407-079604DDA4B7}.Release|iPhone.Build.0 = Release|Any CPU
		{3D299DE9-B2E7-4BAB-A407-079604DDA4B7}.Release|iPhone.Deploy.0 = Release|Any CPU
		{3D299DE9-B2E7-4BAB-A407-079604DDA4B7}.Release|iPhoneSimulator.ActiveCfg = Release|Any CPU
		{3D299DE9-B2E7-4BAB-A407-079604DDA4B7}.Release|iPhoneSimulator.Build.0 = Release|Any CPU
		{3D299DE9-B2E7-4BAB-A407-079604DDA4B7}.Release|iPhoneSimulator.Deploy.0 = Release|Any CPU
		{3D299DE9-B2E7-4BAB-A407-079604DDA4B7}.Release|x64.ActiveCfg = Release|Any CPU
		{3D299DE9-B2E7-4BAB-A407-079604DDA4B7}.Release|x64.Build.0 = Release|Any CPU
		{3D299DE9-B2E7-4BAB-A407-079604DDA4B7}.Release|x64.Deploy.0 = Release|Any CPU
		{3D299DE9-B2E7-4BAB-A407-079604DDA4B7}.Release|x86.ActiveCfg = Release|Any CPU
		{3D299DE9-B2E7-4BAB-A407-079604DDA4B7}.Release|x86.Build.0 = Release|Any CPU
		{3D299DE9-B2E7-4BAB-A407-079604DDA4B7}.Release|x86.Deploy.0 = Release|Any CPU
	EndGlobalSection
	GlobalSection(SolutionProperties) = preSolution
		HideSolutionNode = FALSE
	EndGlobalSection
	GlobalSection(ExtensibilityGlobals) = postSolution
		SolutionGuid = {3D91DCD2-7EE3-4BD7-9F10-467B6DCBC144}
	EndGlobalSection
EndGlobal
